
Microsoft Visual Studio Solution File, Format Version 12.00
# Visual Studio Version 17
VisualStudioVersion = 17.9.34714.143
MinimumVisualStudioVersion = 10.0.40219.1
Project("{FAE04EC0-301F-11D3-BF4B-00C04F79EFBC}") = "ProgramacionIIExamenII", "ProgramacionIIExamenII.csproj", "{17B54973-8983-4FC5-8639-A8897E6E4796}"
EndProject
Global
	GlobalSection(SolutionConfigurationPlatforms) = preSolution
		Debug|Any CPU = Debug|Any CPU
		Release|Any CPU = Release|Any CPU
	EndGlobalSection
	GlobalSection(ProjectConfigurationPlatforms) = postSolution
		{17B54973-8983-4FC5-8639-A8897E6E4796}.Debug|Any CPU.ActiveCfg = Debug|Any CPU
		{17B54973-8983-4FC5-8639-A8897E6E4796}.Debug|Any CPU.Build.0 = Debug|Any CPU
		{17B54973-8983-4FC5-8639-A8897E6E4796}.Release|Any CPU.ActiveCfg = Release|Any CPU
		{17B54973-8983-4FC5-8639-A8897E6E4796}.Release|Any CPU.Build.0 = Release|Any CPU
	EndGlobalSection
	GlobalSection(SolutionProperties) = preSolution
		HideSolutionNode = FALSE
	EndGlobalSection
	GlobalSection(ExtensibilityGlobals) = postSolution
		SolutionGuid = {6471AC8D-92C5-4B8E-BE0E-DCCF24476BD1}
	EndGlobalSection
EndGlobal
